
Microsoft Visual Studio Solution File, Format Version 12.00
# Visual Studio Version 17
VisualStudioVersion = 17.14.36414.22
MinimumVisualStudioVersion = 10.0.40219.1
Project("{2150E333-8FDC-42A3-9474-1A3956D46DE8}") = "Task0", "Task0", "{02EA681E-C7D8-13C7-8484-4AC65E1B71E8}"
EndProject
Project("{FAE04EC0-301F-11D3-BF4B-00C04F79EFBC}") = "Tyuiu.NasadukJA.Sprint1.Task0.V8", "Tyuiu.NasadukJA.Sprint1.Task0.V8\Tyuiu.NasadukJA.Sprint1.Task0.V8.csproj", "{9595237B-DD73-44E1-915D-50545C5A63F3}"
EndProject
Project("{FAE04EC0-301F-11D3-BF4B-00C04F79EFBC}") = "Tyuiu.NasadukJA.Sprint1.Task0.V8.Lib", "Tyuiu.NasadukJA.Sprint1.Task0.V8.Lib\Tyuiu.NasadukJA.Sprint1.Task0.V8.Lib.csproj", "{FB1D6EB8-1962-4999-BC8E-93A1334E76FE}"
EndProject
Project("{FAE04EC0-301F-11D3-BF4B-00C04F79EFBC}") = "Tyuiu.NasadukJA.Sprint1.Task0.V8.Test", "Tyuiu.NasadukJA.Sprint1.Task0.V8.Test\Tyuiu.NasadukJA.Sprint1.Task0.V8.Test.csproj", "{B4599BC2-CEDC-4A07-94F4-71266B0C179E}"
EndProject
Project("{2150E333-8FDC-42A3-9474-1A3956D46DE8}") = "Task1", "Task1", "{7C4286F3-84EB-4A6E-8578-066701BD825C}"
EndProject
Project("{FAE04EC0-301F-11D3-BF4B-00C04F79EFBC}") = "Tyuiu.NasadukJA.Sprint1.Task1.V27.Test", "Tyuiu.NasadukJA.Sprint1.Task1.V27.Test\Tyuiu.NasadukJA.Sprint1.Task1.V27.Test.csproj", "{EC143EF9-3EE8-4992-AE55-EB83DA68663D}"
EndProject
Project("{FAE04EC0-301F-11D3-BF4B-00C04F79EFBC}") = "Tyuiu.NasadukJA.Sprint1.Task1.V27.Lib", "Tyuiu.NasadukJA.Sprint1.Task1.V27.Lib\Tyuiu.NasadukJA.Sprint1.Task1.V27.Lib.csproj", "{F15102CE-9760-45D6-B786-DA8139894980}"
EndProject
Project("{FAE04EC0-301F-11D3-BF4B-00C04F79EFBC}") = "Tyuiu.NasadukJA.Sprint1.Task1.V27", "Tyuiu.NasadukJA.Sprint1.Task1.V27\Tyuiu.NasadukJA.Sprint1.Task1.V27.csproj", "{23D9E0A9-B5A1-4C44-AF20-4F4A11E73C0C}"
EndProject
Project("{2150E333-8FDC-42A3-9474-1A3956D46DE8}") = "Task2", "Task2", "{C28A7BFC-559D-4213-B0F9-6BBE6C967C4F}"
EndProject
Project("{FAE04EC0-301F-11D3-BF4B-00C04F79EFBC}") = "Tyuiu.NasadukJA.Sprint1.Task2.V29", "Tyuiu.NasadukJA.Sprint1.Task2.V29\Tyuiu.NasadukJA.Sprint1.Task2.V29.csproj", "{FE6FE3A9-2672-4F3E-BE8E-FE886CCC37D6}"
EndProject
Project("{FAE04EC0-301F-11D3-BF4B-00C04F79EFBC}") = "Tyuiu.NasadukJA.Sprint1.Task2.V29.Lib", "Tyuiu.NasadukJA.Sprint1.Task2.V29.Lib\Tyuiu.NasadukJA.Sprint1.Task2.V29.Lib.csproj", "{503AEB69-B695-4F0D-A731-DC345AB5EFFD}"
EndProject
Project("{FAE04EC0-301F-11D3-BF4B-00C04F79EFBC}") = "Tyuiu.NasadukJA.Sprint1.Task2.V29.Test", "Tyuiu.NasadukJA.Sprint1.Task2.V29.Test\Tyuiu.NasadukJA.Sprint1.Task2.V29.Test.csproj", "{3FFFCECD-1362-466B-9DC3-A2DEB7F38A72}"
EndProject
Project("{2150E333-8FDC-42A3-9474-1A3956D46DE8}") = "Task3", "Task3", "{ED5E02CB-6E6F-4F3C-84EF-9ED8CB0244D1}"
EndProject
Project("{FAE04EC0-301F-11D3-BF4B-00C04F79EFBC}") = "Tyuiu.NasadukJA.Sprint1.Task3.V11.Test", "Tyuiu.NasadukJA.Sprint1.Task3.V11.Test\Tyuiu.NasadukJA.Sprint1.Task3.V11.Test.csproj", "{196EE6FB-C9EF-4236-A5F1-716B6A87FB82}"
EndProject
Project("{FAE04EC0-301F-11D3-BF4B-00C04F79EFBC}") = "Tyuiu.NasadukJA.Sprint1.Task3.V11.Lib", "Tyuiu.NasadukJA.Sprint1.Task3.V11.Lib\Tyuiu.NasadukJA.Sprint1.Task3.V11.Lib.csproj", "{C363367E-47CF-4ACD-A87C-76BBF3E034C1}"
EndProject
Project("{FAE04EC0-301F-11D3-BF4B-00C04F79EFBC}") = "Tyuiu.NasadukJA.Sprint1.Task3.V11", "Tyuiu.NasadukJA.Sprint1.Task3.V11\Tyuiu.NasadukJA.Sprint1.Task3.V11.csproj", "{0E281AFD-F83C-45DB-AEB2-E38F4C8A50EF}"
EndProject
Project("{2150E333-8FDC-42A3-9474-1A3956D46DE8}") = "Task4", "Task4", "{2115C4C5-BD8F-4175-85FB-11A689D82B91}"
EndProject
Project("{FAE04EC0-301F-11D3-BF4B-00C04F79EFBC}") = "Tyuiu.NasadukJA.Sprint1.Task4.V6", "Tyuiu.NasadukJA.Sprint1.Task4.V6\Tyuiu.NasadukJA.Sprint1.Task4.V6.csproj", "{F262AAC7-91D0-4AE6-9073-63C268A199A0}"
EndProject
Project("{FAE04EC0-301F-11D3-BF4B-00C04F79EFBC}") = "Tyuiu.NasadukJA.Sprint1.Task4.V6.Lib", "Tyuiu.NasadukJA.Sprint1.Task4.V6.Lib\Tyuiu.NasadukJA.Sprint1.Task4.V6.Lib.csproj", "{A279707D-DFF5-4178-9CC7-D04285724F75}"
EndProject
Project("{FAE04EC0-301F-11D3-BF4B-00C04F79EFBC}") = "Tyuiu.NasadukJA.Sprint1.Task4.V6.Test", "Tyuiu.NasadukJA.Sprint1.Task4.V6.Test\Tyuiu.NasadukJA.Sprint1.Task4.V6.Test.csproj", "{48260AF6-05C1-4212-B74F-E4F4FBDF0795}"
EndProject
Project("{2150E333-8FDC-42A3-9474-1A3956D46DE8}") = "Task5", "Task5", "{38424225-981B-4D5E-ACA3-7A3EC00BE65A}"
EndProject
Project("{FAE04EC0-301F-11D3-BF4B-00C04F79EFBC}") = "Tyuiu.NasadukJA.Sprint1.Task5.V2.Test", "Tyuiu.NasadukJA.Sprint1.Task5.V2.Test\Tyuiu.NasadukJA.Sprint1.Task5.V2.Test.csproj", "{7463511A-958A-4AFB-A2AC-8D8D1886FBE6}"
EndProject
Project("{FAE04EC0-301F-11D3-BF4B-00C04F79EFBC}") = "Tyuiu.NasadukJA.Sprint1.Task5.V2.Lib", "Tyuiu.NasadukJA.Sprint1.Task5.V2.Lib\Tyuiu.NasadukJA.Sprint1.Task5.V2.Lib.csproj", "{BBB5633F-4B76-4E57-9784-884A67D2EAEC}"
EndProject
Project("{FAE04EC0-301F-11D3-BF4B-00C04F79EFBC}") = "Tyuiu.NasadukJA.Sprint1.Task5.V2", "Tyuiu.NasadukJA.Sprint1.Task5.V2\Tyuiu.NasadukJA.Sprint1.Task5.V2.csproj", "{9287B3E8-EF06-424E-96B9-F214DFE2B050}"
EndProject
Project("{2150E333-8FDC-42A3-9474-1A3956D46DE8}") = "Task6", "Task6", "{0DD9DE01-32C3-4E4F-A50A-07C7EA2EAF4B}"
EndProject
Project("{FAE04EC0-301F-11D3-BF4B-00C04F79EFBC}") = "Tyuiu.NasadukJA.Sprint1.Task6.V4", "Tyuiu.NasadukJA.Sprint1.Task6.V4\Tyuiu.NasadukJA.Sprint1.Task6.V4.csproj", "{1AE35317-E98F-4FD2-B18B-E8317DDDF62C}"
EndProject
Project("{FAE04EC0-301F-11D3-BF4B-00C04F79EFBC}") = "Tyuiu.NasadukJA.Sprint1.Task6.V4.Lib", "Tyuiu.NasadukJA.Sprint1.Task6.V4.Lib\Tyuiu.NasadukJA.Sprint1.Task6.V4.Lib.csproj", "{4C954147-30E9-457D-9D7A-37300551F762}"
EndProject
Project("{FAE04EC0-301F-11D3-BF4B-00C04F79EFBC}") = "Tyuiu.NasadukJA.Sprint1.Task6.V4.Test", "Tyuiu.NasadukJA.Sprint1.Task6.V4.Test\Tyuiu.NasadukJA.Sprint1.Task6.V4.Test.csproj", "{A0E7A92D-C82B-42B1-B739-7BBA21483DF0}"
EndProject
Project("{2150E333-8FDC-42A3-9474-1A3956D46DE8}") = "Task7", "Task7", "{DE776DEE-F182-495C-AC68-D4E5B1C618BE}"
EndProject
Project("{FAE04EC0-301F-11D3-BF4B-00C04F79EFBC}") = "Tyuiu.NasadukJA.Sprint1.Task7.V21.Test", "Tyuiu.NasadukJA.Sprint1.Task7.V21.Test\Tyuiu.NasadukJA.Sprint1.Task7.V21.Test.csproj", "{782C5409-D07C-4C8B-BDFD-A1FDFD9C8F42}"
EndProject
Project("{FAE04EC0-301F-11D3-BF4B-00C04F79EFBC}") = "Tyuiu.NasadukJA.Sprint1.Task7.V21.Lib", "Tyuiu.NasadukJA.Sprint1.Task7.V21.Lib\Tyuiu.NasadukJA.Sprint1.Task7.V21.Lib.csproj", "{065E59A7-A175-4330-BCAF-4095F5892620}"
EndProject
Project("{FAE04EC0-301F-11D3-BF4B-00C04F79EFBC}") = "Tyuiu.NasadukJA.Sprint1.Task7.V21", "Tyuiu.NasadukJA.Sprint1.Task7.V21\Tyuiu.NasadukJA.Sprint1.Task7.V21.csproj", "{AAE2D237-89C9-4034-8423-22A359846D8C}"
EndProject
Global
	GlobalSection(SolutionConfigurationPlatforms) = preSolution
		Debug|Any CPU = Debug|Any CPU
		Release|Any CPU = Release|Any CPU
	EndGlobalSection
	GlobalSection(ProjectConfigurationPlatforms) = postSolution
		{9595237B-DD73-44E1-915D-50545C5A63F3}.Debug|Any CPU.ActiveCfg = Debug|Any CPU
		{9595237B-DD73-44E1-915D-50545C5A63F3}.Debug|Any CPU.Build.0 = Debug|Any CPU
		{9595237B-DD73-44E1-915D-50545C5A63F3}.Release|Any CPU.ActiveCfg = Release|Any CPU
		{9595237B-DD73-44E1-915D-50545C5A63F3}.Release|Any CPU.Build.0 = Release|Any CPU
		{FB1D6EB8-1962-4999-BC8E-93A1334E76FE}.Debug|Any CPU.ActiveCfg = Debug|Any CPU
		{FB1D6EB8-1962-4999-BC8E-93A1334E76FE}.Debug|Any CPU.Build.0 = Debug|Any CPU
		{FB1D6EB8-1962-4999-BC8E-93A1334E76FE}.Release|Any CPU.ActiveCfg = Release|Any CPU
		{FB1D6EB8-1962-4999-BC8E-93A1334E76FE}.Release|Any CPU.Build.0 = Release|Any CPU
		{B4599BC2-CEDC-4A07-94F4-71266B0C179E}.Debug|Any CPU.ActiveCfg = Debug|Any CPU
		{B4599BC2-CEDC-4A07-94F4-71266B0C179E}.Debug|Any CPU.Build.0 = Debug|Any CPU
		{B4599BC2-CEDC-4A07-94F4-71266B0C179E}.Release|Any CPU.ActiveCfg = Release|Any CPU
		{B4599BC2-CEDC-4A07-94F4-71266B0C179E}.Release|Any CPU.Build.0 = Release|Any CPU
		{EC143EF9-3EE8-4992-AE55-EB83DA68663D}.Debug|Any CPU.ActiveCfg = Debug|Any CPU
		{EC143EF9-3EE8-4992-AE55-EB83DA68663D}.Debug|Any CPU.Build.0 = Debug|Any CPU
		{EC143EF9-3EE8-4992-AE55-EB83DA68663D}.Release|Any CPU.ActiveCfg = Release|Any CPU
		{EC143EF9-3EE8-4992-AE55-EB83DA68663D}.Release|Any CPU.Build.0 = Release|Any CPU
		{F15102CE-9760-45D6-B786-DA8139894980}.Debug|Any CPU.ActiveCfg = Debug|Any CPU
		{F15102CE-9760-45D6-B786-DA8139894980}.Debug|Any CPU.Build.0 = Debug|Any CPU
		{F15102CE-9760-45D6-B786-DA8139894980}.Release|Any CPU.ActiveCfg = Release|Any CPU
		{F15102CE-9760-45D6-B786-DA8139894980}.Release|Any CPU.Build.0 = Release|Any CPU
		{23D9E0A9-B5A1-4C44-AF20-4F4A11E73C0C}.Debug|Any CPU.ActiveCfg = Debug|Any CPU
		{23D9E0A9-B5A1-4C44-AF20-4F4A11E73C0C}.Debug|Any CPU.Build.0 = Debug|Any CPU
		{23D9E0A9-B5A1-4C44-AF20-4F4A11E73C0C}.Release|Any CPU.ActiveCfg = Release|Any CPU
		{23D9E0A9-B5A1-4C44-AF20-4F4A11E73C0C}.Release|Any CPU.Build.0 = Release|Any CPU
		{FE6FE3A9-2672-4F3E-BE8E-FE886CCC37D6}.Debug|Any CPU.ActiveCfg = Debug|Any CPU
		{FE6FE3A9-2672-4F3E-BE8E-FE886CCC37D6}.Debug|Any CPU.Build.0 = Debug|Any CPU
		{FE6FE3A9-2672-4F3E-BE8E-FE886CCC37D6}.Release|Any CPU.ActiveCfg = Release|Any CPU
		{FE6FE3A9-2672-4F3E-BE8E-FE886CCC37D6}.Release|Any CPU.Build.0 = Release|Any CPU
		{503AEB69-B695-4F0D-A731-DC345AB5EFFD}.Debug|Any CPU.ActiveCfg = Debug|Any CPU
		{503AEB69-B695-4F0D-A731-DC345AB5EFFD}.Debug|Any CPU.Build.0 = Debug|Any CPU
		{503AEB69-B695-4F0D-A731-DC345AB5EFFD}.Release|Any CPU.ActiveCfg = Release|Any CPU
		{503AEB69-B695-4F0D-A731-DC345AB5EFFD}.Release|Any CPU.Build.0 = Release|Any CPU
		{3FFFCECD-1362-466B-9DC3-A2DEB7F38A72}.Debug|Any CPU.ActiveCfg = Debug|Any CPU
		{3FFFCECD-1362-466B-9DC3-A2DEB7F38A72}.Debug|Any CPU.Build.0 = Debug|Any CPU
		{3FFFCECD-1362-466B-9DC3-A2DEB7F38A72}.Release|Any CPU.ActiveCfg = Release|Any CPU
		{3FFFCECD-1362-466B-9DC3-A2DEB7F38A72}.Release|Any CPU.Build.0 = Release|Any CPU
		{196EE6FB-C9EF-4236-A5F1-716B6A87FB82}.Debug|Any CPU.ActiveCfg = Debug|Any CPU
		{196EE6FB-C9EF-4236-A5F1-716B6A87FB82}.Debug|Any CPU.Build.0 = Debug|Any CPU
		{196EE6FB-C9EF-4236-A5F1-716B6A87FB82}.Release|Any CPU.ActiveCfg = Release|Any CPU
		{196EE6FB-C9EF-4236-A5F1-716B6A87FB82}.Release|Any CPU.Build.0 = Release|Any CPU
		{C363367E-47CF-4ACD-A87C-76BBF3E034C1}.Debug|Any CPU.ActiveCfg = Debug|Any CPU
		{C363367E-47CF-4ACD-A87C-76BBF3E034C1}.Debug|Any CPU.Build.0 = Debug|Any CPU
		{C363367E-47CF-4ACD-A87C-76BBF3E034C1}.Release|Any CPU.ActiveCfg = Release|Any CPU
		{C363367E-47CF-4ACD-A87C-76BBF3E034C1}.Release|Any CPU.Build.0 = Release|Any CPU
		{0E281AFD-F83C-45DB-AEB2-E38F4C8A50EF}.Debug|Any CPU.ActiveCfg = Debug|Any CPU
		{0E281AFD-F83C-45DB-AEB2-E38F4C8A50EF}.Debug|Any CPU.Build.0 = Debug|Any CPU
		{0E281AFD-F83C-45DB-AEB2-E38F4C8A50EF}.Release|Any CPU.ActiveCfg = Release|Any CPU
		{0E281AFD-F83C-45DB-AEB2-E38F4C8A50EF}.Release|Any CPU.Build.0 = Release|Any CPU
		{F262AAC7-91D0-4AE6-9073-63C268A199A0}.Debug|Any CPU.ActiveCfg = Debug|Any CPU
		{F262AAC7-91D0-4AE6-9073-63C268A199A0}.Debug|Any CPU.Build.0 = Debug|Any CPU
		{F262AAC7-91D0-4AE6-9073-63C268A199A0}.Release|Any CPU.ActiveCfg = Release|Any CPU
		{F262AAC7-91D0-4AE6-9073-63C268A199A0}.Release|Any CPU.Build.0 = Release|Any CPU
		{A279707D-DFF5-4178-9CC7-D04285724F75}.Debug|Any CPU.ActiveCfg = Debug|Any CPU
		{A279707D-DFF5-4178-9CC7-D04285724F75}.Debug|Any CPU.Build.0 = Debug|Any CPU
		{A279707D-DFF5-4178-9CC7-D04285724F75}.Release|Any CPU.ActiveCfg = Release|Any CPU
		{A279707D-DFF5-4178-9CC7-D04285724F75}.Release|Any CPU.Build.0 = Release|Any CPU
		{48260AF6-05C1-4212-B74F-E4F4FBDF0795}.Debug|Any CPU.ActiveCfg = Debug|Any CPU
		{48260AF6-05C1-4212-B74F-E4F4FBDF0795}.Debug|Any CPU.Build.0 = Debug|Any CPU
		{48260AF6-05C1-4212-B74F-E4F4FBDF0795}.Release|Any CPU.ActiveCfg = Release|Any CPU
		{48260AF6-05C1-4212-B74F-E4F4FBDF0795}.Release|Any CPU.Build.0 = Release|Any CPU
		{7463511A-958A-4AFB-A2AC-8D8D1886FBE6}.Debug|Any CPU.ActiveCfg = Debug|Any CPU
		{7463511A-958A-4AFB-A2AC-8D8D1886FBE6}.Debug|Any CPU.Build.0 = Debug|Any CPU
		{7463511A-958A-4AFB-A2AC-8D8D1886FBE6}.Release|Any CPU.ActiveCfg = Release|Any CPU
		{7463511A-958A-4AFB-A2AC-8D8D1886FBE6}.Release|Any CPU.Build.0 = Release|Any CPU
		{BBB5633F-4B76-4E57-9784-884A67D2EAEC}.Debug|Any CPU.ActiveCfg = Debug|Any CPU
		{BBB5633F-4B76-4E57-9784-884A67D2EAEC}.Debug|Any CPU.Build.0 = Debug|Any CPU
		{BBB5633F-4B76-4E57-9784-884A67D2EAEC}.Release|Any CPU.ActiveCfg = Release|Any CPU
		{BBB5633F-4B76-4E57-9784-884A67D2EAEC}.Release|Any CPU.Build.0 = Release|Any CPU
		{9287B3E8-EF06-424E-96B9-F214DFE2B050}.Debug|Any CPU.ActiveCfg = Debug|Any CPU
		{9287B3E8-EF06-424E-96B9-F214DFE2B050}.Debug|Any CPU.Build.0 = Debug|Any CPU
		{9287B3E8-EF06-424E-96B9-F214DFE2B050}.Release|Any CPU.ActiveCfg = Release|Any CPU
		{9287B3E8-EF06-424E-96B9-F214DFE2B050}.Release|Any CPU.Build.0 = Release|Any CPU
		{1AE35317-E98F-4FD2-B18B-E8317DDDF62C}.Debug|Any CPU.ActiveCfg = Debug|Any CPU
		{1AE35317-E98F-4FD2-B18B-E8317DDDF62C}.Debug|Any CPU.Build.0 = Debug|Any CPU
		{1AE35317-E98F-4FD2-B18B-E8317DDDF62C}.Release|Any CPU.ActiveCfg = Release|Any CPU
		{1AE35317-E98F-4FD2-B18B-E8317DDDF62C}.Release|Any CPU.Build.0 = Release|Any CPU
		{4C954147-30E9-457D-9D7A-37300551F762}.Debug|Any CPU.ActiveCfg = Debug|Any CPU
		{4C954147-30E9-457D-9D7A-37300551F762}.Debug|Any CPU.Build.0 = Debug|Any CPU
		{4C954147-30E9-457D-9D7A-37300551F762}.Release|Any CPU.ActiveCfg = Release|Any CPU
		{4C954147-30E9-457D-9D7A-37300551F762}.Release|Any CPU.Build.0 = Release|Any CPU
		{A0E7A92D-C82B-42B1-B739-7BBA21483DF0}.Debug|Any CPU.ActiveCfg = Debug|Any CPU
		{A0E7A92D-C82B-42B1-B739-7BBA21483DF0}.Debug|Any CPU.Build.0 = Debug|Any CPU
		{A0E7A92D-C82B-42B1-B739-7BBA21483DF0}.Release|Any CPU.ActiveCfg = Release|Any CPU
		{A0E7A92D-C82B-42B1-B739-7BBA21483DF0}.Release|Any CPU.Build.0 = Release|Any CPU
		{782C5409-D07C-4C8B-BDFD-A1FDFD9C8F42}.Debug|Any CPU.ActiveCfg = Debug|Any CPU
		{782C5409-D07C-4C8B-BDFD-A1FDFD9C8F42}.Debug|Any CPU.Build.0 = Debug|Any CPU
		{782C5409-D07C-4C8B-BDFD-A1FDFD9C8F42}.Release|Any CPU.ActiveCfg = Release|Any CPU
		{782C5409-D07C-4C8B-BDFD-A1FDFD9C8F42}.Release|Any CPU.Build.0 = Release|Any CPU
		{065E59A7-A175-4330-BCAF-4095F5892620}.Debug|Any CPU.ActiveCfg = Debug|Any CPU
		{065E59A7-A175-4330-BCAF-4095F5892620}.Debug|Any CPU.Build.0 = Debug|Any CPU
		{065E59A7-A175-4330-BCAF-4095F5892620}.Release|Any CPU.ActiveCfg = Release|Any CPU
		{065E59A7-A175-4330-BCAF-4095F5892620}.Release|Any CPU.Build.0 = Release|Any CPU
		{AAE2D237-89C9-4034-8423-22A359846D8C}.Debug|Any CPU.ActiveCfg = Debug|Any CPU
		{AAE2D237-89C9-4034-8423-22A359846D8C}.Debug|Any CPU.Build.0 = Debug|Any CPU
		{AAE2D237-89C9-4034-8423-22A359846D8C}.Release|Any CPU.ActiveCfg = Release|Any CPU
		{AAE2D237-89C9-4034-8423-22A359846D8C}.Release|Any CPU.Build.0 = Release|Any CPU
	EndGlobalSection
	GlobalSection(SolutionProperties) = preSolution
		HideSolutionNode = FALSE
	EndGlobalSection
	GlobalSection(NestedProjects) = preSolution
		{9595237B-DD73-44E1-915D-50545C5A63F3} = {02EA681E-C7D8-13C7-8484-4AC65E1B71E8}
		{FB1D6EB8-1962-4999-BC8E-93A1334E76FE} = {02EA681E-C7D8-13C7-8484-4AC65E1B71E8}
		{B4599BC2-CEDC-4A07-94F4-71266B0C179E} = {02EA681E-C7D8-13C7-8484-4AC65E1B71E8}
		{EC143EF9-3EE8-4992-AE55-EB83DA68663D} = {7C4286F3-84EB-4A6E-8578-066701BD825C}
		{F15102CE-9760-45D6-B786-DA8139894980} = {7C4286F3-84EB-4A6E-8578-066701BD825C}
		{23D9E0A9-B5A1-4C44-AF20-4F4A11E73C0C} = {7C4286F3-84EB-4A6E-8578-066701BD825C}
		{FE6FE3A9-2672-4F3E-BE8E-FE886CCC37D6} = {C28A7BFC-559D-4213-B0F9-6BBE6C967C4F}
		{503AEB69-B695-4F0D-A731-DC345AB5EFFD} = {C28A7BFC-559D-4213-B0F9-6BBE6C967C4F}
		{3FFFCECD-1362-466B-9DC3-A2DEB7F38A72} = {C28A7BFC-559D-4213-B0F9-6BBE6C967C4F}
		{196EE6FB-C9EF-4236-A5F1-716B6A87FB82} = {ED5E02CB-6E6F-4F3C-84EF-9ED8CB0244D1}
		{C363367E-47CF-4ACD-A87C-76BBF3E034C1} = {ED5E02CB-6E6F-4F3C-84EF-9ED8CB0244D1}
		{0E281AFD-F83C-45DB-AEB2-E38F4C8A50EF} = {ED5E02CB-6E6F-4F3C-84EF-9ED8CB0244D1}
		{F262AAC7-91D0-4AE6-9073-63C268A199A0} = {2115C4C5-BD8F-4175-85FB-11A689D82B91}
		{A279707D-DFF5-4178-9CC7-D04285724F75} = {2115C4C5-BD8F-4175-85FB-11A689D82B91}
		{48260AF6-05C1-4212-B74F-E4F4FBDF0795} = {2115C4C5-BD8F-4175-85FB-11A689D82B91}
		{7463511A-958A-4AFB-A2AC-8D8D1886FBE6} = {38424225-981B-4D5E-ACA3-7A3EC00BE65A}
		{BBB5633F-4B76-4E57-9784-884A67D2EAEC} = {38424225-981B-4D5E-ACA3-7A3EC00BE65A}
		{9287B3E8-EF06-424E-96B9-F214DFE2B050} = {38424225-981B-4D5E-ACA3-7A3EC00BE65A}
		{1AE35317-E98F-4FD2-B18B-E8317DDDF62C} = {0DD9DE01-32C3-4E4F-A50A-07C7EA2EAF4B}
		{4C954147-30E9-457D-9D7A-37300551F762} = {0DD9DE01-32C3-4E4F-A50A-07C7EA2EAF4B}
		{A0E7A92D-C82B-42B1-B739-7BBA21483DF0} = {0DD9DE01-32C3-4E4F-A50A-07C7EA2EAF4B}
		{782C5409-D07C-4C8B-BDFD-A1FDFD9C8F42} = {DE776DEE-F182-495C-AC68-D4E5B1C618BE}
		{065E59A7-A175-4330-BCAF-4095F5892620} = {DE776DEE-F182-495C-AC68-D4E5B1C618BE}
		{AAE2D237-89C9-4034-8423-22A359846D8C} = {DE776DEE-F182-495C-AC68-D4E5B1C618BE}
	EndGlobalSection
	GlobalSection(ExtensibilityGlobals) = postSolution
		SolutionGuid = {E4E7D71C-6078-4C7E-BCD1-6A4C41507158}
	EndGlobalSection
EndGlobal
